
Microsoft Visual Studio Solution File, Format Version 12.00
# Visual Studio Version 17
VisualStudioVersion = 17.3.32819.101
MinimumVisualStudioVersion = 10.0.40219.1
Project("{9A19103F-16F7-4668-BE54-9A1E7A4F7556}") = "Dynamo.Business", "Dynamo.Business\Dynamo.Business.csproj", "{C845962B-C3B2-45DC-85B0-198ADD477F69}"
EndProject
Project("{9A19103F-16F7-4668-BE54-9A1E7A4F7556}") = "Dynamo.Business.Unit.Tests", "Dynamo.Business.Unit.Tests\Dynamo.Business.Unit.Tests.csproj", "{26F661B8-4499-46F9-9F07-522444706F83}"
EndProject
Project("{9A19103F-16F7-4668-BE54-9A1E7A4F7556}") = "Dynamo.Console", "Dynamo.Console\Dynamo.Console.csproj", "{79359C21-7520-4656-9405-88A40CDB56C5}"
EndProject
Project("{9A19103F-16F7-4668-BE54-9A1E7A4F7556}") = "Dynamo.Web", "Dynamo.Web\Dynamo.Web.csproj", "{9FAFC521-C900-404D-8926-5752AF3EFF32}"
EndProject
Global
	GlobalSection(SolutionConfigurationPlatforms) = preSolution
		Debug|Any CPU = Debug|Any CPU
		Debug|x64 = Debug|x64
		Debug|x86 = Debug|x86
		Release|Any CPU = Release|Any CPU
		Release|x64 = Release|x64
		Release|x86 = Release|x86
	EndGlobalSection
	GlobalSection(ProjectConfigurationPlatforms) = postSolution
		{C845962B-C3B2-45DC-85B0-198ADD477F69}.Debug|Any CPU.ActiveCfg = Debug|Any CPU
		{C845962B-C3B2-45DC-85B0-198ADD477F69}.Debug|Any CPU.Build.0 = Debug|Any CPU
		{C845962B-C3B2-45DC-85B0-198ADD477F69}.Debug|x64.ActiveCfg = Debug|Any CPU
		{C845962B-C3B2-45DC-85B0-198ADD477F69}.Debug|x64.Build.0 = Debug|Any CPU
		{C845962B-C3B2-45DC-85B0-198ADD477F69}.Debug|x86.ActiveCfg = Debug|Any CPU
		{C845962B-C3B2-45DC-85B0-198ADD477F69}.Debug|x86.Build.0 = Debug|Any CPU
		{C845962B-C3B2-45DC-85B0-198ADD477F69}.Release|Any CPU.ActiveCfg = Release|Any CPU
		{C845962B-C3B2-45DC-85B0-198ADD477F69}.Release|Any CPU.Build.0 = Release|Any CPU
		{C845962B-C3B2-45DC-85B0-198ADD477F69}.Release|x64.ActiveCfg = Release|Any CPU
		{C845962B-C3B2-45DC-85B0-198ADD477F69}.Release|x64.Build.0 = Release|Any CPU
		{C845962B-C3B2-45DC-85B0-198ADD477F69}.Release|x86.ActiveCfg = Release|Any CPU
		{C845962B-C3B2-45DC-85B0-198ADD477F69}.Release|x86.Build.0 = Release|Any CPU
		{26F661B8-4499-46F9-9F07-522444706F83}.Debug|Any CPU.ActiveCfg = Debug|Any CPU
		{26F661B8-4499-46F9-9F07-522444706F83}.Debug|Any CPU.Build.0 = Debug|Any CPU
		{26F661B8-4499-46F9-9F07-522444706F83}.Debug|x64.ActiveCfg = Debug|Any CPU
		{26F661B8-4499-46F9-9F07-522444706F83}.Debug|x64.Build.0 = Debug|Any CPU
		{26F661B8-4499-46F9-9F07-522444706F83}.Debug|x86.ActiveCfg = Debug|Any CPU
		{26F661B8-4499-46F9-9F07-522444706F83}.Debug|x86.Build.0 = Debug|Any CPU
		{26F661B8-4499-46F9-9F07-522444706F83}.Release|Any CPU.ActiveCfg = Release|Any CPU
		{26F661B8-4499-46F9-9F07-522444706F83}.Release|Any CPU.Build.0 = Release|Any CPU
		{26F661B8-4499-46F9-9F07-522444706F83}.Release|x64.ActiveCfg = Release|Any CPU
		{26F661B8-4499-46F9-9F07-522444706F83}.Release|x64.Build.0 = Release|Any CPU
		{26F661B8-4499-46F9-9F07-522444706F83}.Release|x86.ActiveCfg = Release|Any CPU
		{26F661B8-4499-46F9-9F07-522444706F83}.Release|x86.Build.0 = Release|Any CPU
		{79359C21-7520-4656-9405-88A40CDB56C5}.Debug|Any CPU.ActiveCfg = Debug|Any CPU
		{79359C21-7520-4656-9405-88A40CDB56C5}.Debug|Any CPU.Build.0 = Debug|Any CPU
		{79359C21-7520-4656-9405-88A40CDB56C5}.Debug|x64.ActiveCfg = Debug|Any CPU
		{79359C21-7520-4656-9405-88A40CDB56C5}.Debug|x64.Build.0 = Debug|Any CPU
		{79359C21-7520-4656-9405-88A40CDB56C5}.Debug|x86.ActiveCfg = Debug|Any CPU
		{79359C21-7520-4656-9405-88A40CDB56C5}.Debug|x86.Build.0 = Debug|Any CPU
		{79359C21-7520-4656-9405-88A40CDB56C5}.Release|Any CPU.ActiveCfg = Release|Any CPU
		{79359C21-7520-4656-9405-88A40CDB56C5}.Release|Any CPU.Build.0 = Release|Any CPU
		{79359C21-7520-4656-9405-88A40CDB56C5}.Release|x64.ActiveCfg = Release|Any CPU
		{79359C21-7520-4656-9405-88A40CDB56C5}.Release|x64.Build.0 = Release|Any CPU
		{79359C21-7520-4656-9405-88A40CDB56C5}.Release|x86.ActiveCfg = Release|Any CPU
		{79359C21-7520-4656-9405-88A40CDB56C5}.Release|x86.Build.0 = Release|Any CPU
		{9FAFC521-C900-404D-8926-5752AF3EFF32}.Debug|Any CPU.ActiveCfg = Debug|Any CPU
		{9FAFC521-C900-404D-8926-5752AF3EFF32}.Debug|Any CPU.Build.0 = Debug|Any CPU
		{9FAFC521-C900-404D-8926-5752AF3EFF32}.Debug|x64.ActiveCfg = Debug|Any CPU
		{9FAFC521-C900-404D-8926-5752AF3EFF32}.Debug|x64.Build.0 = Debug|Any CPU
		{9FAFC521-C900-404D-8926-5752AF3EFF32}.Debug|x86.ActiveCfg = Debug|Any CPU
		{9FAFC521-C900-404D-8926-5752AF3EFF32}.Debug|x86.Build.0 = Debug|Any CPU
		{9FAFC521-C900-404D-8926-5752AF3EFF32}.Release|Any CPU.ActiveCfg = Release|Any CPU
		{9FAFC521-C900-404D-8926-5752AF3EFF32}.Release|Any CPU.Build.0 = Release|Any CPU
		{9FAFC521-C900-404D-8926-5752AF3EFF32}.Release|x64.ActiveCfg = Release|Any CPU
		{9FAFC521-C900-404D-8926-5752AF3EFF32}.Release|x64.Build.0 = Release|Any CPU
		{9FAFC521-C900-404D-8926-5752AF3EFF32}.Release|x86.ActiveCfg = Release|Any CPU
		{9FAFC521-C900-404D-8926-5752AF3EFF32}.Release|x86.Build.0 = Release|Any CPU
	EndGlobalSection
	GlobalSection(SolutionProperties) = preSolution
		HideSolutionNode = FALSE
	EndGlobalSection
	GlobalSection(ExtensibilityGlobals) = postSolution
		SolutionGuid = {C41DC0C2-1C98-40A5-B248-8C422A84330A}
	EndGlobalSection
EndGlobal
